
Microsoft Visual Studio Solution File, Format Version 12.00
# Visual Studio 15
VisualStudioVersion = 15.0.26730.16
MinimumVisualStudioVersion = 10.0.40219.1
Project("{FAE04EC0-301F-11D3-BF4B-00C04F79EFBC}") = "WebApplication5", "WebApplication5\WebApplication5.csproj", "{2031B7A5-9B0E-412C-B1F1-9090E6FD4034}"
EndProject
Global
	GlobalSection(SolutionConfigurationPlatforms) = preSolution
		Debug|Any CPU = Debug|Any CPU
		Release|Any CPU = Release|Any CPU
	EndGlobalSection
	GlobalSection(ProjectConfigurationPlatforms) = postSolution
		{2031B7A5-9B0E-412C-B1F1-9090E6FD4034}.Debug|Any CPU.ActiveCfg = Debug|Any CPU
		{2031B7A5-9B0E-412C-B1F1-9090E6FD4034}.Debug|Any CPU.Build.0 = Debug|Any CPU
		{2031B7A5-9B0E-412C-B1F1-9090E6FD4034}.Release|Any CPU.ActiveCfg = Release|Any CPU
		{2031B7A5-9B0E-412C-B1F1-9090E6FD4034}.Release|Any CPU.Build.0 = Release|Any CPU
	EndGlobalSection
	GlobalSection(SolutionProperties) = preSolution
		HideSolutionNode = FALSE
	EndGlobalSection
	GlobalSection(ExtensibilityGlobals) = postSolution
		SolutionGuid = {A563C6B4-895E-45F3-A6A8-C04AB3C0D239}
	EndGlobalSection
EndGlobal
